// !$*UTF8*$!
{
	archiveVersion = 1;
	classes = {
	};
	objectVersion = 46;
	objects = {

/* Begin PBXBuildFile section */
		EA5D18781A330DB80038C73E /* XMLDictionary.m in Sources */ = {isa = PBXBuildFile; fileRef = EA5D18771A330DB80038C73E /* XMLDictionary.m */; };
		EA5E012A1A11C054001BAE4F /* Foundation.framework in Frameworks */ = {isa = PBXBuildFile; fileRef = EA5E01291A11C054001BAE4F /* Foundation.framework */; };
		EA5E012C1A11C054001BAE4F /* CoreGraphics.framework in Frameworks */ = {isa = PBXBuildFile; fileRef = EA5E012B1A11C054001BAE4F /* CoreGraphics.framework */; };
		EA5E012E1A11C054001BAE4F /* UIKit.framework in Frameworks */ = {isa = PBXBuildFile; fileRef = EA5E012D1A11C054001BAE4F /* UIKit.framework */; };
		EA5E01341A11C054001BAE4F /* InfoPlist.strings in Resources */ = {isa = PBXBuildFile; fileRef = EA5E01321A11C054001BAE4F /* InfoPlist.strings */; };
		EA5E01361A11C054001BAE4F /* main.m in Sources */ = {isa = PBXBuildFile; fileRef = EA5E01351A11C054001BAE4F /* main.m */; };
		EA5E013A1A11C054001BAE4F /* AppDelegate.m in Sources */ = {isa = PBXBuildFile; fileRef = EA5E01391A11C054001BAE4F /* AppDelegate.m */; };
		EA5E013C1A11C054001BAE4F /* Images.xcassets in Resources */ = {isa = PBXBuildFile; fileRef = EA5E013B1A11C054001BAE4F /* Images.xcassets */; };
		EA5E01431A11C054001BAE4F /* XCTest.framework in Frameworks */ = {isa = PBXBuildFile; fileRef = EA5E01421A11C054001BAE4F /* XCTest.framework */; };
		EA5E01441A11C054001BAE4F /* Foundation.framework in Frameworks */ = {isa = PBXBuildFile; fileRef = EA5E01291A11C054001BAE4F /* Foundation.framework */; };
		EA5E01451A11C054001BAE4F /* UIKit.framework in Frameworks */ = {isa = PBXBuildFile; fileRef = EA5E012D1A11C054001BAE4F /* UIKit.framework */; };
		EA5E014D1A11C054001BAE4F /* InfoPlist.strings in Resources */ = {isa = PBXBuildFile; fileRef = EA5E014B1A11C054001BAE4F /* InfoPlist.strings */; };
		EA5E014F1A11C054001BAE4F /* JSONModel_demoTests.m in Sources */ = {isa = PBXBuildFile; fileRef = EA5E014E1A11C054001BAE4F /* JSONModel_demoTests.m */; };
		EA5E01591A11C06A001BAE4F /* eg.json in Resources */ = {isa = PBXBuildFile; fileRef = EA5E01581A11C06A001BAE4F /* eg.json */; };
		EA5E01761A11C080001BAE4F /* JSONModel+CoreData.m in Sources */ = {isa = PBXBuildFile; fileRef = EA5E015D1A11C080001BAE4F /* JSONModel+CoreData.m */; };
		EA5E01771A11C080001BAE4F /* JSONModel.m in Sources */ = {isa = PBXBuildFile; fileRef = EA5E015F1A11C080001BAE4F /* JSONModel.m */; };
		EA5E01781A11C080001BAE4F /* JSONModelArray.m in Sources */ = {isa = PBXBuildFile; fileRef = EA5E01611A11C080001BAE4F /* JSONModelArray.m */; };
		EA5E01791A11C080001BAE4F /* JSONModelClassProperty.m in Sources */ = {isa = PBXBuildFile; fileRef = EA5E01631A11C080001BAE4F /* JSONModelClassProperty.m */; };
		EA5E017A1A11C080001BAE4F /* JSONModelError.m in Sources */ = {isa = PBXBuildFile; fileRef = EA5E01651A11C080001BAE4F /* JSONModelError.m */; };
		EA5E017B1A11C080001BAE4F /* NSArray+JSONModel.m in Sources */ = {isa = PBXBuildFile; fileRef = EA5E01681A11C080001BAE4F /* NSArray+JSONModel.m */; };
		EA5E017C1A11C080001BAE4F /* JSONAPI.m in Sources */ = {isa = PBXBuildFile; fileRef = EA5E016C1A11C080001BAE4F /* JSONAPI.m */; };
		EA5E017D1A11C080001BAE4F /* JSONHTTPClient.m in Sources */ = {isa = PBXBuildFile; fileRef = EA5E016E1A11C080001BAE4F /* JSONHTTPClient.m */; };
		EA5E017E1A11C080001BAE4F /* JSONModel+networking.m in Sources */ = {isa = PBXBuildFile; fileRef = EA5E01701A11C080001BAE4F /* JSONModel+networking.m */; };
		EA5E017F1A11C080001BAE4F /* JSONKeyMapper.m in Sources */ = {isa = PBXBuildFile; fileRef = EA5E01731A11C080001BAE4F /* JSONKeyMapper.m */; };
		EA5E01801A11C080001BAE4F /* JSONValueTransformer.m in Sources */ = {isa = PBXBuildFile; fileRef = EA5E01751A11C080001BAE4F /* JSONValueTransformer.m */; };
		EA5E01831A11C0AE001BAE4F /* Model.m in Sources */ = {isa = PBXBuildFile; fileRef = EA5E01821A11C0AE001BAE4F /* Model.m */; };
		EA5E01861A11C103001BAE4F /* RootViewController.m in Sources */ = {isa = PBXBuildFile; fileRef = EA5E01851A11C103001BAE4F /* RootViewController.m */; };
		EAD19C1B1A11C5F900D01195 /* SHXMLParser.m in Sources */ = {isa = PBXBuildFile; fileRef = EAD19C1A1A11C5F900D01195 /* SHXMLParser.m */; };
		EAD19C271A11C67900D01195 /* JSONManager.m in Sources */ = {isa = PBXBuildFile; fileRef = EAD19C1E1A11C67900D01195 /* JSONManager.m */; settings = {COMPILER_FLAGS = "-fno-objc-arc"; }; };
		EAD19C281A11C67900D01195 /* CJSONDeserializer.m in Sources */ = {isa = PBXBuildFile; fileRef = EAD19C211A11C67900D01195 /* CJSONDeserializer.m */; };
		EAD19C291A11C67900D01195 /* CJSONSerializer.m in Sources */ = {isa = PBXBuildFile; fileRef = EAD19C231A11C67900D01195 /* CJSONSerializer.m */; };
		EAD19C2A1A11C67900D01195 /* NSDictionary_JSONExtensions.m in Sources */ = {isa = PBXBuildFile; fileRef = EAD19C261A11C67900D01195 /* NSDictionary_JSONExtensions.m */; };
/* End PBXBuildFile section */

/* Begin PBXContainerItemProxy section */
		EA5E01461A11C054001BAE4F /* PBXContainerItemProxy */ = {
			isa = PBXContainerItemProxy;
			containerPortal = EA5E011E1A11C054001BAE4F /* Project object */;
			proxyType = 1;
			remoteGlobalIDString = EA5E01251A11C054001BAE4F;
			remoteInfo = JSONModel_demo;
		};
/* End PBXContainerItemProxy section */

/* Begin PBXFileReference section */
		EA5D18761A330DB80038C73E /* XMLDictionary.h */ = {isa = PBXFileReference; fileEncoding = 4; lastKnownFileType = sourcecode.c.h; path = XMLDictionary.h; sourceTree = "<group>"; };
		EA5D18771A330DB80038C73E /* XMLDictionary.m */ = {isa = PBXFileReference; fileEncoding = 4; lastKnownFileType = sourcecode.c.objc; path = XMLDictionary.m; sourceTree = "<group>"; };
		EA5E01261A11C054001BAE4F /* JSONModel_demo.app */ = {isa = PBXFileReference; explicitFileType = wrapper.application; includeInIndex = 0; path = JSONModel_demo.app; sourceTree = BUILT_PRODUCTS_DIR; };
		EA5E01291A11C054001BAE4F /* Foundation.framework */ = {isa = PBXFileReference; lastKnownFileType = wrapper.framework; name = Foundation.framework; path = System/Library/Frameworks/Foundation.framework; sourceTree = SDKROOT; };
		EA5E012B1A11C054001BAE4F /* CoreGraphics.framework */ = {isa = PBXFileReference; lastKnownFileType = wrapper.framework; name = CoreGraphics.framework; path = System/Library/Frameworks/CoreGraphics.framework; sourceTree = SDKROOT; };
		EA5E012D1A11C054001BAE4F /* UIKit.framework */ = {isa = PBXFileReference; lastKnownFileType = wrapper.framework; name = UIKit.framework; path = System/Library/Frameworks/UIKit.framework; sourceTree = SDKROOT; };
		EA5E01311A11C054001BAE4F /* JSONModel_demo-Info.plist */ = {isa = PBXFileReference; lastKnownFileType = text.plist.xml; path = "JSONModel_demo-Info.plist"; sourceTree = "<group>"; };
		EA5E01331A11C054001BAE4F /* en */ = {isa = PBXFileReference; lastKnownFileType = text.plist.strings; name = en; path = en.lproj/InfoPlist.strings; sourceTree = "<group>"; };
		EA5E01351A11C054001BAE4F /* main.m */ = {isa = PBXFileReference; lastKnownFileType = sourcecode.c.objc; path = main.m; sourceTree = "<group>"; };
		EA5E01371A11C054001BAE4F /* JSONModel_demo-Prefix.pch */ = {isa = PBXFileReference; lastKnownFileType = sourcecode.c.h; path = "JSONModel_demo-Prefix.pch"; sourceTree = "<group>"; };
		EA5E01381A11C054001BAE4F /* AppDelegate.h */ = {isa = PBXFileReference; lastKnownFileType = sourcecode.c.h; path = AppDelegate.h; sourceTree = "<group>"; };
		EA5E01391A11C054001BAE4F /* AppDelegate.m */ = {isa = PBXFileReference; lastKnownFileType = sourcecode.c.objc; path = AppDelegate.m; sourceTree = "<group>"; };
		EA5E013B1A11C054001BAE4F /* Images.xcassets */ = {isa = PBXFileReference; lastKnownFileType = folder.assetcatalog; path = Images.xcassets; sourceTree = "<group>"; };
		EA5E01411A11C054001BAE4F /* JSONModel_demoTests.xctest */ = {isa = PBXFileReference; explicitFileType = wrapper.cfbundle; includeInIndex = 0; path = JSONModel_demoTests.xctest; sourceTree = BUILT_PRODUCTS_DIR; };
		EA5E01421A11C054001BAE4F /* XCTest.framework */ = {isa = PBXFileReference; lastKnownFileType = wrapper.framework; name = XCTest.framework; path = Library/Frameworks/XCTest.framework; sourceTree = DEVELOPER_DIR; };
		EA5E014A1A11C054001BAE4F /* JSONModel_demoTests-Info.plist */ = {isa = PBXFileReference; lastKnownFileType = text.plist.xml; path = "JSONModel_demoTests-Info.plist"; sourceTree = "<group>"; };
		EA5E014C1A11C054001BAE4F /* en */ = {isa = PBXFileReference; lastKnownFileType = text.plist.strings; name = en; path = en.lproj/InfoPlist.strings; sourceTree = "<group>"; };
		EA5E014E1A11C054001BAE4F /* JSONModel_demoTests.m */ = {isa = PBXFileReference; lastKnownFileType = sourcecode.c.objc; path = JSONModel_demoTests.m; sourceTree = "<group>"; };
		EA5E01581A11C06A001BAE4F /* eg.json */ = {isa = PBXFileReference; fileEncoding = 4; lastKnownFileType = text.json; path = eg.json; sourceTree = "<group>"; };
		EA5E015C1A11C080001BAE4F /* JSONModel+CoreData.h */ = {isa = PBXFileReference; fileEncoding = 4; lastKnownFileType = sourcecode.c.h; path = "JSONModel+CoreData.h"; sourceTree = "<group>"; };
		EA5E015D1A11C080001BAE4F /* JSONModel+CoreData.m */ = {isa = PBXFileReference; fileEncoding = 4; lastKnownFileType = sourcecode.c.objc; path = "JSONModel+CoreData.m"; sourceTree = "<group>"; };
		EA5E015E1A11C080001BAE4F /* JSONModel.h */ = {isa = PBXFileReference; fileEncoding = 4; lastKnownFileType = sourcecode.c.h; path = JSONModel.h; sourceTree = "<group>"; };
		EA5E015F1A11C080001BAE4F /* JSONModel.m */ = {isa = PBXFileReference; fileEncoding = 4; lastKnownFileType = sourcecode.c.objc; path = JSONModel.m; sourceTree = "<group>"; };
		EA5E01601A11C080001BAE4F /* JSONModelArray.h */ = {isa = PBXFileReference; fileEncoding = 4; lastKnownFileType = sourcecode.c.h; path = JSONModelArray.h; sourceTree = "<group>"; };
		EA5E01611A11C080001BAE4F /* JSONModelArray.m */ = {isa = PBXFileReference; fileEncoding = 4; lastKnownFileType = sourcecode.c.objc; path = JSONModelArray.m; sourceTree = "<group>"; };
		EA5E01621A11C080001BAE4F /* JSONModelClassProperty.h */ = {isa = PBXFileReference; fileEncoding = 4; lastKnownFileType = sourcecode.c.h; path = JSONModelClassProperty.h; sourceTree = "<group>"; };
		EA5E01631A11C080001BAE4F /* JSONModelClassProperty.m */ = {isa = PBXFileReference; fileEncoding = 4; lastKnownFileType = sourcecode.c.objc; path = JSONModelClassProperty.m; sourceTree = "<group>"; };
		EA5E01641A11C080001BAE4F /* JSONModelError.h */ = {isa = PBXFileReference; fileEncoding = 4; lastKnownFileType = sourcecode.c.h; path = JSONModelError.h; sourceTree = "<group>"; };
		EA5E01651A11C080001BAE4F /* JSONModelError.m */ = {isa = PBXFileReference; fileEncoding = 4; lastKnownFileType = sourcecode.c.objc; path = JSONModelError.m; sourceTree = "<group>"; };
		EA5E01671A11C080001BAE4F /* NSArray+JSONModel.h */ = {isa = PBXFileReference; fileEncoding = 4; lastKnownFileType = sourcecode.c.h; path = "NSArray+JSONModel.h"; sourceTree = "<group>"; };
		EA5E01681A11C080001BAE4F /* NSArray+JSONModel.m */ = {isa = PBXFileReference; fileEncoding = 4; lastKnownFileType = sourcecode.c.objc; path = "NSArray+JSONModel.m"; sourceTree = "<group>"; };
		EA5E01691A11C080001BAE4F /* JSONModelLib.h */ = {isa = PBXFileReference; fileEncoding = 4; lastKnownFileType = sourcecode.c.h; path = JSONModelLib.h; sourceTree = "<group>"; };
		EA5E016B1A11C080001BAE4F /* JSONAPI.h */ = {isa = PBXFileReference; fileEncoding = 4; lastKnownFileType = sourcecode.c.h; path = JSONAPI.h; sourceTree = "<group>"; };
		EA5E016C1A11C080001BAE4F /* JSONAPI.m */ = {isa = PBXFileReference; fileEncoding = 4; lastKnownFileType = sourcecode.c.objc; path = JSONAPI.m; sourceTree = "<group>"; };
		EA5E016D1A11C080001BAE4F /* JSONHTTPClient.h */ = {isa = PBXFileReference; fileEncoding = 4; lastKnownFileType = sourcecode.c.h; path = JSONHTTPClient.h; sourceTree = "<group>"; };
		EA5E016E1A11C080001BAE4F /* JSONHTTPClient.m */ = {isa = PBXFileReference; fileEncoding = 4; lastKnownFileType = sourcecode.c.objc; path = JSONHTTPClient.m; sourceTree = "<group>"; };
		EA5E016F1A11C080001BAE4F /* JSONModel+networking.h */ = {isa = PBXFileReference; fileEncoding = 4; lastKnownFileType = sourcecode.c.h; path = "JSONModel+networking.h"; sourceTree = "<group>"; };
		EA5E01701A11C080001BAE4F /* JSONModel+networking.m */ = {isa = PBXFileReference; fileEncoding = 4; lastKnownFileType = sourcecode.c.objc; path = "JSONModel+networking.m"; sourceTree = "<group>"; };
		EA5E01721A11C080001BAE4F /* JSONKeyMapper.h */ = {isa = PBXFileReference; fileEncoding = 4; lastKnownFileType = sourcecode.c.h; path = JSONKeyMapper.h; sourceTree = "<group>"; };
		EA5E01731A11C080001BAE4F /* JSONKeyMapper.m */ = {isa = PBXFileReference; fileEncoding = 4; lastKnownFileType = sourcecode.c.objc; path = JSONKeyMapper.m; sourceTree = "<group>"; };
		EA5E01741A11C080001BAE4F /* JSONValueTransformer.h */ = {isa = PBXFileReference; fileEncoding = 4; lastKnownFileType = sourcecode.c.h; path = JSONValueTransformer.h; sourceTree = "<group>"; };
		EA5E01751A11C080001BAE4F /* JSONValueTransformer.m */ = {isa = PBXFileReference; fileEncoding = 4; lastKnownFileType = sourcecode.c.objc; path = JSONValueTransformer.m; sourceTree = "<group>"; };
		EA5E01811A11C0AE001BAE4F /* Model.h */ = {isa = PBXFileReference; fileEncoding = 4; lastKnownFileType = sourcecode.c.h; path = Model.h; sourceTree = "<group>"; };
		EA5E01821A11C0AE001BAE4F /* Model.m */ = {isa = PBXFileReference; fileEncoding = 4; lastKnownFileType = sourcecode.c.objc; path = Model.m; sourceTree = "<group>"; };
		EA5E01841A11C103001BAE4F /* RootViewController.h */ = {isa = PBXFileReference; fileEncoding = 4; lastKnownFileType = sourcecode.c.h; path = RootViewController.h; sourceTree = "<group>"; };
		EA5E01851A11C103001BAE4F /* RootViewController.m */ = {isa = PBXFileReference; fileEncoding = 4; lastKnownFileType = sourcecode.c.objc; path = RootViewController.m; sourceTree = "<group>"; };
		EAD19C191A11C5F900D01195 /* SHXMLParser.h */ = {isa = PBXFileReference; fileEncoding = 4; lastKnownFileType = sourcecode.c.h; path = SHXMLParser.h; sourceTree = "<group>"; };
		EAD19C1A1A11C5F900D01195 /* SHXMLParser.m */ = {isa = PBXFileReference; fileEncoding = 4; lastKnownFileType = sourcecode.c.objc; path = SHXMLParser.m; sourceTree = "<group>"; };
		EAD19C1D1A11C67900D01195 /* JSONManager.h */ = {isa = PBXFileReference; fileEncoding = 4; lastKnownFileType = sourcecode.c.h; path = JSONManager.h; sourceTree = "<group>"; };
		EAD19C1E1A11C67900D01195 /* JSONManager.m */ = {isa = PBXFileReference; fileEncoding = 4; lastKnownFileType = sourcecode.c.objc; path = JSONManager.m; sourceTree = "<group>"; };
		EAD19C201A11C67900D01195 /* CJSONDeserializer.h */ = {isa = PBXFileReference; fileEncoding = 4; lastKnownFileType = sourcecode.c.h; path = CJSONDeserializer.h; sourceTree = "<group>"; };
		EAD19C211A11C67900D01195 /* CJSONDeserializer.m */ = {isa = PBXFileReference; fileEncoding = 4; lastKnownFileType = sourcecode.c.objc; path = CJSONDeserializer.m; sourceTree = "<group>"; };
		EAD19C221A11C67900D01195 /* CJSONSerializer.h */ = {isa = PBXFileReference; fileEncoding = 4; lastKnownFileType = sourcecode.c.h; path = CJSONSerializer.h; sourceTree = "<group>"; };
		EAD19C231A11C67900D01195 /* CJSONSerializer.m */ = {isa = PBXFileReference; fileEncoding = 4; lastKnownFileType = sourcecode.c.objc; path = CJSONSerializer.m; sourceTree = "<group>"; };
		EAD19C241A11C67900D01195 /* JSONRepresentation.h */ = {isa = PBXFileReference; fileEncoding = 4; lastKnownFileType = sourcecode.c.h; path = JSONRepresentation.h; sourceTree = "<group>"; };
		EAD19C251A11C67900D01195 /* NSDictionary_JSONExtensions.h */ = {isa = PBXFileReference; fileEncoding = 4; lastKnownFileType = sourcecode.c.h; path = NSDictionary_JSONExtensions.h; sourceTree = "<group>"; };
		EAD19C261A11C67900D01195 /* NSDictionary_JSONExtensions.m */ = {isa = PBXFileReference; fileEncoding = 4; lastKnownFileType = sourcecode.c.objc; path = NSDictionary_JSONExtensions.m; sourceTree = "<group>"; };
/* End PBXFileReference section */

/* Begin PBXFrameworksBuildPhase section */
		EA5E01231A11C054001BAE4F /* Frameworks */ = {
			isa = PBXFrameworksBuildPhase;
			buildActionMask = 2147483647;
			files = (
				EA5E012C1A11C054001BAE4F /* CoreGraphics.framework in Frameworks */,
				EA5E012E1A11C054001BAE4F /* UIKit.framework in Frameworks */,
				EA5E012A1A11C054001BAE4F /* Foundation.framework in Frameworks */,
			);
			runOnlyForDeploymentPostprocessing = 0;
		};
		EA5E013E1A11C054001BAE4F /* Frameworks */ = {
			isa = PBXFrameworksBuildPhase;
			buildActionMask = 2147483647;
			files = (
				EA5E01431A11C054001BAE4F /* XCTest.framework in Frameworks */,
				EA5E01451A11C054001BAE4F /* UIKit.framework in Frameworks */,
				EA5E01441A11C054001BAE4F /* Foundation.framework in Frameworks */,
			);
			runOnlyForDeploymentPostprocessing = 0;
		};
/* End PBXFrameworksBuildPhase section */

/* Begin PBXGroup section */
		EA5D18751A330DB80038C73E /* XMLDictionary */ = {
			isa = PBXGroup;
			children = (
				EA5D18761A330DB80038C73E /* XMLDictionary.h */,
				EA5D18771A330DB80038C73E /* XMLDictionary.m */,
			);
			path = XMLDictionary;
			sourceTree = "<group>";
		};
		EA5E011D1A11C054001BAE4F = {
			isa = PBXGroup;
			children = (
				EA5E01581A11C06A001BAE4F /* eg.json */,
				EA5E012F1A11C054001BAE4F /* JSONModel_demo */,
				EA5E01481A11C054001BAE4F /* JSONModel_demoTests */,
				EA5E01281A11C054001BAE4F /* Frameworks */,
				EA5E01271A11C054001BAE4F /* Products */,
			);
			sourceTree = "<group>";
		};
		EA5E01271A11C054001BAE4F /* Products */ = {
			isa = PBXGroup;
			children = (
				EA5E01261A11C054001BAE4F /* JSONModel_demo.app */,
				EA5E01411A11C054001BAE4F /* JSONModel_demoTests.xctest */,
			);
			name = Products;
			sourceTree = "<group>";
		};
		EA5E01281A11C054001BAE4F /* Frameworks */ = {
			isa = PBXGroup;
			children = (
				EA5E01291A11C054001BAE4F /* Foundation.framework */,
				EA5E012B1A11C054001BAE4F /* CoreGraphics.framework */,
				EA5E012D1A11C054001BAE4F /* UIKit.framework */,
				EA5E01421A11C054001BAE4F /* XCTest.framework */,
			);
			name = Frameworks;
			sourceTree = "<group>";
		};
		EA5E012F1A11C054001BAE4F /* JSONModel_demo */ = {
			isa = PBXGroup;
			children = (
				EA5E01381A11C054001BAE4F /* AppDelegate.h */,
				EA5E01391A11C054001BAE4F /* AppDelegate.m */,
				EA5E01841A11C103001BAE4F /* RootViewController.h */,
				EA5E01851A11C103001BAE4F /* RootViewController.m */,
				EA5E01811A11C0AE001BAE4F /* Model.h */,
				EA5E01821A11C0AE001BAE4F /* Model.m */,
				EA5E013B1A11C054001BAE4F /* Images.xcassets */,
				EA5E01301A11C054001BAE4F /* Supporting Files */,
			);
			path = JSONModel_demo;
			sourceTree = "<group>";
		};
		EA5E01301A11C054001BAE4F /* Supporting Files */ = {
			isa = PBXGroup;
			children = (
				EA5D18751A330DB80038C73E /* XMLDictionary */,
				EAD19C1C1A11C67900D01195 /* JSONManager */,
				EAD19C181A11C5F900D01195 /* SHXMLParser */,
				EA5E015A1A11C080001BAE4F /* JSONModel */,
				EA5E01311A11C054001BAE4F /* JSONModel_demo-Info.plist */,
				EA5E01321A11C054001BAE4F /* InfoPlist.strings */,
				EA5E01351A11C054001BAE4F /* main.m */,
				EA5E01371A11C054001BAE4F /* JSONModel_demo-Prefix.pch */,
			);
			name = "Supporting Files";
			sourceTree = "<group>";
		};
		EA5E01481A11C054001BAE4F /* JSONModel_demoTests */ = {
			isa = PBXGroup;
			children = (
				EA5E014E1A11C054001BAE4F /* JSONModel_demoTests.m */,
				EA5E01491A11C054001BAE4F /* Supporting Files */,
			);
			path = JSONModel_demoTests;
			sourceTree = "<group>";
		};
		EA5E01491A11C054001BAE4F /* Supporting Files */ = {
			isa = PBXGroup;
			children = (
				EA5E014A1A11C054001BAE4F /* JSONModel_demoTests-Info.plist */,
				EA5E014B1A11C054001BAE4F /* InfoPlist.strings */,
			);
			name = "Supporting Files";
			sourceTree = "<group>";
		};
		EA5E015A1A11C080001BAE4F /* JSONModel */ = {
			isa = PBXGroup;
			children = (
				EA5E015B1A11C080001BAE4F /* JSONModel */,
				EA5E01661A11C080001BAE4F /* JSONModelCategories */,
				EA5E01691A11C080001BAE4F /* JSONModelLib.h */,
				EA5E016A1A11C080001BAE4F /* JSONModelNetworking */,
				EA5E01711A11C080001BAE4F /* JSONModelTransformations */,
			);
			path = JSONModel;
			sourceTree = "<group>";
		};
		EA5E015B1A11C080001BAE4F /* JSONModel */ = {
			isa = PBXGroup;
			children = (
				EA5E015C1A11C080001BAE4F /* JSONModel+CoreData.h */,
				EA5E015D1A11C080001BAE4F /* JSONModel+CoreData.m */,
				EA5E015E1A11C080001BAE4F /* JSONModel.h */,
				EA5E015F1A11C080001BAE4F /* JSONModel.m */,
				EA5E01601A11C080001BAE4F /* JSONModelArray.h */,
				EA5E01611A11C080001BAE4F /* JSONModelArray.m */,
				EA5E01621A11C080001BAE4F /* JSONModelClassProperty.h */,
				EA5E01631A11C080001BAE4F /* JSONModelClassProperty.m */,
				EA5E01641A11C080001BAE4F /* JSONModelError.h */,
				EA5E01651A11C080001BAE4F /* JSONModelError.m */,
			);
			path = JSONModel;
			sourceTree = "<group>";
		};
		EA5E01661A11C080001BAE4F /* JSONModelCategories */ = {
			isa = PBXGroup;
			children = (
				EA5E01671A11C080001BAE4F /* NSArray+JSONModel.h */,
				EA5E01681A11C080001BAE4F /* NSArray+JSONModel.m */,
			);
			path = JSONModelCategories;
			sourceTree = "<group>";
		};
		EA5E016A1A11C080001BAE4F /* JSONModelNetworking */ = {
			isa = PBXGroup;
			children = (
				EA5E016B1A11C080001BAE4F /* JSONAPI.h */,
				EA5E016C1A11C080001BAE4F /* JSONAPI.m */,
				EA5E016D1A11C080001BAE4F /* JSONHTTPClient.h */,
				EA5E016E1A11C080001BAE4F /* JSONHTTPClient.m */,
				EA5E016F1A11C080001BAE4F /* JSONModel+networking.h */,
				EA5E01701A11C080001BAE4F /* JSONModel+networking.m */,
			);
			path = JSONModelNetworking;
			sourceTree = "<group>";
		};
		EA5E01711A11C080001BAE4F /* JSONModelTransformations */ = {
			isa = PBXGroup;
			children = (
				EA5E01721A11C080001BAE4F /* JSONKeyMapper.h */,
				EA5E01731A11C080001BAE4F /* JSONKeyMapper.m */,
				EA5E01741A11C080001BAE4F /* JSONValueTransformer.h */,
				EA5E01751A11C080001BAE4F /* JSONValueTransformer.m */,
			);
			path = JSONModelTransformations;
			sourceTree = "<group>";
		};
		EAD19C181A11C5F900D01195 /* SHXMLParser */ = {
			isa = PBXGroup;
			children = (
				EAD19C191A11C5F900D01195 /* SHXMLParser.h */,
				EAD19C1A1A11C5F900D01195 /* SHXMLParser.m */,
			);
			path = SHXMLParser;
			sourceTree = "<group>";
		};
		EAD19C1C1A11C67900D01195 /* JSONManager */ = {
			isa = PBXGroup;
			children = (
				EAD19C1D1A11C67900D01195 /* JSONManager.h */,
				EAD19C1E1A11C67900D01195 /* JSONManager.m */,
				EAD19C1F1A11C67900D01195 /* TouchJSON */,
			);
			path = JSONManager;
			sourceTree = "<group>";
		};
		EAD19C1F1A11C67900D01195 /* TouchJSON */ = {
			isa = PBXGroup;
			children = (
				EAD19C201A11C67900D01195 /* CJSONDeserializer.h */,
				EAD19C211A11C67900D01195 /* CJSONDeserializer.m */,
				EAD19C221A11C67900D01195 /* CJSONSerializer.h */,
				EAD19C231A11C67900D01195 /* CJSONSerializer.m */,
				EAD19C241A11C67900D01195 /* JSONRepresentation.h */,
				EAD19C251A11C67900D01195 /* NSDictionary_JSONExtensions.h */,
				EAD19C261A11C67900D01195 /* NSDictionary_JSONExtensions.m */,
			);
			path = TouchJSON;
			sourceTree = "<group>";
		};
/* End PBXGroup section */

/* Begin PBXNativeTarget section */
		EA5E01251A11C054001BAE4F /* JSONModel_demo */ = {
			isa = PBXNativeTarget;
			buildConfigurationList = EA5E01521A11C054001BAE4F /* Build configuration list for PBXNativeTarget "JSONModel_demo" */;
			buildPhases = (
				EA5E01221A11C054001BAE4F /* Sources */,
				EA5E01231A11C054001BAE4F /* Frameworks */,
				EA5E01241A11C054001BAE4F /* Resources */,
			);
			buildRules = (
			);
			dependencies = (
			);
			name = JSONModel_demo;
			productName = JSONModel_demo;
			productReference = EA5E01261A11C054001BAE4F /* JSONModel_demo.app */;
			productType = "com.apple.product-type.application";
		};
		EA5E01401A11C054001BAE4F /* JSONModel_demoTests */ = {
			isa = PBXNativeTarget;
			buildConfigurationList = EA5E01551A11C054001BAE4F /* Build configuration list for PBXNativeTarget "JSONModel_demoTests" */;
			buildPhases = (
				EA5E013D1A11C054001BAE4F /* Sources */,
				EA5E013E1A11C054001BAE4F /* Frameworks */,
				EA5E013F1A11C054001BAE4F /* Resources */,
			);
			buildRules = (
			);
			dependencies = (
				EA5E01471A11C054001BAE4F /* PBXTargetDependency */,
			);
			name = JSONModel_demoTests;
			productName = JSONModel_demoTests;
			productReference = EA5E01411A11C054001BAE4F /* JSONModel_demoTests.xctest */;
			productType = "com.apple.product-type.bundle.unit-test";
		};
/* End PBXNativeTarget section */

/* Begin PBXProject section */
		EA5E011E1A11C054001BAE4F /* Project object */ = {
			isa = PBXProject;
			attributes = {
				LastUpgradeCheck = 0510;
				ORGANIZATIONNAME = "___FULLUSERNAME___";
				TargetAttributes = {
					EA5E01401A11C054001BAE4F = {
						TestTargetID = EA5E01251A11C054001BAE4F;
					};
				};
			};
			buildConfigurationList = EA5E01211A11C054001BAE4F /* Build configuration list for PBXProject "JSONModel_demo" */;
			compatibilityVersion = "Xcode 3.2";
			developmentRegion = English;
			hasScannedForEncodings = 0;
			knownRegions = (
				en,
			);
			mainGroup = EA5E011D1A11C054001BAE4F;
			productRefGroup = EA5E01271A11C054001BAE4F /* Products */;
			projectDirPath = "";
			projectRoot = "";
			targets = (
				EA5E01251A11C054001BAE4F /* JSONModel_demo */,
				EA5E01401A11C054001BAE4F /* JSONModel_demoTests */,
			);
		};
/* End PBXProject section */

/* Begin PBXResourcesBuildPhase section */
		EA5E01241A11C054001BAE4F /* Resources */ = {
			isa = PBXResourcesBuildPhase;
			buildActionMask = 2147483647;
			files = (
				EA5E01591A11C06A001BAE4F /* eg.json in Resources */,
				EA5E01341A11C054001BAE4F /* InfoPlist.strings in Resources */,
				EA5E013C1A11C054001BAE4F /* Images.xcassets in Resources */,
			);
			runOnlyForDeploymentPostprocessing = 0;
		};
		EA5E013F1A11C054001BAE4F /* Resources */ = {
			isa = PBXResourcesBuildPhase;
			buildActionMask = 2147483647;
			files = (
				EA5E014D1A11C054001BAE4F /* InfoPlist.strings in Resources */,
			);
			runOnlyForDeploymentPostprocessing = 0;
		};
/* End PBXResourcesBuildPhase section */

/* Begin PBXSourcesBuildPhase section */
		EA5E01221A11C054001BAE4F /* Sources */ = {
			isa = PBXSourcesBuildPhase;
			buildActionMask = 2147483647;
			files = (
				EAD19C2A1A11C67900D01195 /* NSDictionary_JSONExtensions.m in Sources */,
				EA5E017D1A11C080001BAE4F /* JSONHTTPClient.m in Sources */,
				EA5E01781A11C080001BAE4F /* JSONModelArray.m in Sources */,
				EA5E017A1A11C080001BAE4F /* JSONModelError.m in Sources */,
				EAD19C271A11C67900D01195 /* JSONManager.m in Sources */,
				EA5E017C1A11C080001BAE4F /* JSONAPI.m in Sources */,
				EA5E01801A11C080001BAE4F /* JSONValueTransformer.m in Sources */,
				EAD19C281A11C67900D01195 /* CJSONDeserializer.m in Sources */,
				EA5E013A1A11C054001BAE4F /* AppDelegate.m in Sources */,
				EA5E01771A11C080001BAE4F /* JSONModel.m in Sources */,
				EA5E017F1A11C080001BAE4F /* JSONKeyMapper.m in Sources */,
				EA5E017E1A11C080001BAE4F /* JSONModel+networking.m in Sources */,
				EAD19C1B1A11C5F900D01195 /* SHXMLParser.m in Sources */,
				EA5E017B1A11C080001BAE4F /* NSArray+JSONModel.m in Sources */,
				EA5E01361A11C054001BAE4F /* main.m in Sources */,
				EA5E01831A11C0AE001BAE4F /* Model.m in Sources */,
				EA5E01761A11C080001BAE4F /* JSONModel+CoreData.m in Sources */,
				EA5D18781A330DB80038C73E /* XMLDictionary.m in Sources */,
				EAD19C291A11C67900D01195 /* CJSONSerializer.m in Sources */,
				EA5E01791A11C080001BAE4F /* JSONModelClassProperty.m in Sources */,
				EA5E01861A11C103001BAE4F /* RootViewController.m in Sources */,
			);
			runOnlyForDeploymentPostprocessing = 0;
		};
		EA5E013D1A11C054001BAE4F /* Sources */ = {
			isa = PBXSourcesBuildPhase;
			buildActionMask = 2147483647;
			files = (
				EA5E014F1A11C054001BAE4F /* JSONModel_demoTests.m in Sources */,
			);
			runOnlyForDeploymentPostprocessing = 0;
		};
/* End PBXSourcesBuildPhase section */

/* Begin PBXTargetDependency section */
		EA5E01471A11C054001BAE4F /* PBXTargetDependency */ = {
			isa = PBXTargetDependency;
			target = EA5E01251A11C054001BAE4F /* JSONModel_demo */;
			targetProxy = EA5E01461A11C054001BAE4F /* PBXContainerItemProxy */;
		};
/* End PBXTargetDependency section */

/* Begin PBXVariantGroup section */
		EA5E01321A11C054001BAE4F /* InfoPlist.strings */ = {
			isa = PBXVariantGroup;
			children = (
				EA5E01331A11C054001BAE4F /* en */,
			);
			name = InfoPlist.strings;
			sourceTree = "<group>";
		};
		EA5E014B1A11C054001BAE4F /* InfoPlist.strings */ = {
			isa = PBXVariantGroup;
			children = (
				EA5E014C1A11C054001BAE4F /* en */,
			);
			name = InfoPlist.strings;
			sourceTree = "<group>";
		};
/* End PBXVariantGroup section */

/* Begin XCBuildConfiguration section */
		EA5E01501A11C054001BAE4F /* Debug */ = {
			isa = XCBuildConfiguration;
			buildSettings = {
				ALWAYS_SEARCH_USER_PATHS = NO;
				CLANG_CXX_LANGUAGE_STANDARD = "gnu++0x";
				CLANG_CXX_LIBRARY = "libc++";
				CLANG_ENABLE_MODULES = YES;
				CLANG_ENABLE_OBJC_ARC = YES;
				CLANG_WARN_BOOL_CONVERSION = YES;
				CLANG_WARN_CONSTANT_CONVERSION = YES;
				CLANG_WARN_DIRECT_OBJC_ISA_USAGE = YES_ERROR;
				CLANG_WARN_EMPTY_BODY = YES;
				CLANG_WARN_ENUM_CONVERSION = YES;
				CLANG_WARN_INT_CONVERSION = YES;
				CLANG_WARN_OBJC_ROOT_CLASS = YES_ERROR;
				CLANG_WARN__DUPLICATE_METHOD_MATCH = YES;
				"CODE_SIGN_IDENTITY[sdk=iphoneos*]" = "iPhone Developer";
				COPY_PHASE_STRIP = NO;
				GCC_C_LANGUAGE_STANDARD = gnu99;
				GCC_DYNAMIC_NO_PIC = NO;
				GCC_OPTIMIZATION_LEVEL = 0;
				GCC_PREPROCESSOR_DEFINITIONS = (
					"DEBUG=1",
					"$(inherited)",
				);
				GCC_SYMBOLS_PRIVATE_EXTERN = NO;
				GCC_WARN_64_TO_32_BIT_CONVERSION = YES;
				GCC_WARN_ABOUT_RETURN_TYPE = YES_ERROR;
				GCC_WARN_UNDECLARED_SELECTOR = YES;
				GCC_WARN_UNINITIALIZED_AUTOS = YES_AGGRESSIVE;
				GCC_WARN_UNUSED_FUNCTION = YES;
				GCC_WARN_UNUSED_VARIABLE = YES;
				IPHONEOS_DEPLOYMENT_TARGET = 7.1;
				ONLY_ACTIVE_ARCH = YES;
				SDKROOT = iphoneos;
			};
			name = Debug;
		};
		EA5E01511A11C054001BAE4F /* Release */ = {
			isa = XCBuildConfiguration;
			buildSettings = {
				ALWAYS_SEARCH_USER_PATHS = NO;
				CLANG_CXX_LANGUAGE_STANDARD = "gnu++0x";
				CLANG_CXX_LIBRARY = "libc++";
				CLANG_ENABLE_MODULES = YES;
				CLANG_ENABLE_OBJC_ARC = YES;
				CLANG_WARN_BOOL_CONVERSION = YES;
				CLANG_WARN_CONSTANT_CONVERSION = YES;
				CLANG_WARN_DIRECT_OBJC_ISA_USAGE = YES_ERROR;
				CLANG_WARN_EMPTY_BODY = YES;
				CLANG_WARN_ENUM_CONVERSION = YES;
				CLANG_WARN_INT_CONVERSION = YES;
				CLANG_WARN_OBJC_ROOT_CLASS = YES_ERROR;
				CLANG_WARN__DUPLICATE_METHOD_MATCH = YES;
				"CODE_SIGN_IDENTITY[sdk=iphoneos*]" = "iPhone Developer";
				COPY_PHASE_STRIP = YES;
				ENABLE_NS_ASSERTIONS = NO;
				GCC_C_LANGUAGE_STANDARD = gnu99;
				GCC_WARN_64_TO_32_BIT_CONVERSION = YES;
				GCC_WARN_ABOUT_RETURN_TYPE = YES_ERROR;
				GCC_WARN_UNDECLARED_SELECTOR = YES;
				GCC_WARN_UNINITIALIZED_AUTOS = YES_AGGRESSIVE;
				GCC_WARN_UNUSED_FUNCTION = YES;
				GCC_WARN_UNUSED_VARIABLE = YES;
				IPHONEOS_DEPLOYMENT_TARGET = 7.1;
				SDKROOT = iphoneos;
				VALIDATE_PRODUCT = YES;
			};
			name = Release;
		};
		EA5E01531A11C054001BAE4F /* Debug */ = {
			isa = XCBuildConfiguration;
			buildSettings = {
				ASSETCATALOG_COMPILER_APPICON_NAME = AppIcon;
				ASSETCATALOG_COMPILER_LAUNCHIMAGE_NAME = LaunchImage;
				GCC_PRECOMPILE_PREFIX_HEADER = YES;
				GCC_PREFIX_HEADER = "JSONModel_demo/JSONModel_demo-Prefix.pch";
				INFOPLIST_FILE = "JSONModel_demo/JSONModel_demo-Info.plist";
				PRODUCT_NAME = "$(TARGET_NAME)";
				WRAPPER_EXTENSION = app;
			};
			name = Debug;
		};
		EA5E01541A11C054001BAE4F /* Release */ = {
			isa = XCBuildConfiguration;
			buildSettings = {
				ASSETCATALOG_COMPILER_APPICON_NAME = AppIcon;
				ASSETCATALOG_COMPILER_LAUNCHIMAGE_NAME = LaunchImage;
				GCC_PRECOMPILE_PREFIX_HEADER = YES;
				GCC_PREFIX_HEADER = "JSONModel_demo/JSONModel_demo-Prefix.pch";
				INFOPLIST_FILE = "JSONModel_demo/JSONModel_demo-Info.plist";
				PRODUCT_NAME = "$(TARGET_NAME)";
				WRAPPER_EXTENSION = app;
			};
			name = Release;
		};
		EA5E01561A11C054001BAE4F /* Debug */ = {
			isa = XCBuildConfiguration;
			buildSettings = {
				BUNDLE_LOADER = "$(BUILT_PRODUCTS_DIR)/JSONModel_demo.app/JSONModel_demo";
				FRAMEWORK_SEARCH_PATHS = (
					"$(SDKROOT)/Developer/Library/Frameworks",
					"$(inherited)",
					"$(DEVELOPER_FRAMEWORKS_DIR)",
				);
				GCC_PRECOMPILE_PREFIX_HEADER = YES;
				GCC_PREFIX_HEADER = "JSONModel_demo/JSONModel_demo-Prefix.pch";
				GCC_PREPROCESSOR_DEFINITIONS = (
					"DEBUG=1",
					"$(inherited)",
				);
				INFOPLIST_FILE = "JSONModel_demoTests/JSONModel_demoTests-Info.plist";
				PRODUCT_NAME = "$(TARGET_NAME)";
				TEST_HOST = "$(BUNDLE_LOADER)";
				WRAPPER_EXTENSION = xctest;
			};
			name = Debug;
		};
		EA5E01571A11C054001BAE4F /* Release */ = {
			isa = XCBuildConfiguration;
			buildSettings = {
				BUNDLE_LOADER = "$(BUILT_PRODUCTS_DIR)/JSONModel_demo.app/JSONModel_demo";
				FRAMEWORK_SEARCH_PATHS = (
					"$(SDKROOT)/Developer/Library/Frameworks",
					"$(inherited)",
					"$(DEVELOPER_FRAMEWORKS_DIR)",
				);
				GCC_PRECOMPILE_PREFIX_HEADER = YES;
				GCC_PREFIX_HEADER = "JSONModel_demo/JSONModel_demo-Prefix.pch";
				INFOPLIST_FILE = "JSONModel_demoTests/JSONModel_demoTests-Info.plist";
				PRODUCT_NAME = "$(TARGET_NAME)";
				TEST_HOST = "$(BUNDLE_LOADER)";
				WRAPPER_EXTENSION = xctest;
			};
			name = Release;
		};
/* End XCBuildConfiguration section */

/* Begin XCConfigurationList section */
		EA5E01211A11C054001BAE4F /* Build configuration list for PBXProject "JSONModel_demo" */ = {
			isa = XCConfigurationList;
			buildConfigurations = (
				EA5E01501A11C054001BAE4F /* Debug */,
				EA5E01511A11C054001BAE4F /* Release */,
			);
			defaultConfigurationIsVisible = 0;
			defaultConfigurationName = Release;
		};
		EA5E01521A11C054001BAE4F /* Build configuration list for PBXNativeTarget "JSONModel_demo" */ = {
			isa = XCConfigurationList;
			buildConfigurations = (
				EA5E01531A11C054001BAE4F /* Debug */,
				EA5E01541A11C054001BAE4F /* Release */,
			);
			defaultConfigurationIsVisible = 0;
			defaultConfigurationName = Release;
		};
		EA5E01551A11C054001BAE4F /* Build configuration list for PBXNativeTarget "JSONModel_demoTests" */ = {
			isa = XCConfigurationList;
			buildConfigurations = (
				EA5E01561A11C054001BAE4F /* Debug */,
				EA5E01571A11C054001BAE4F /* Release */,
			);
			defaultConfigurationIsVisible = 0;
			defaultConfigurationName = Release;
		};
/* End XCConfigurationList section */
	};
	rootObject = EA5E011E1A11C054001BAE4F /* Project object */;
}
